
Microsoft Visual Studio Solution File, Format Version 12.00
# Visual Studio 15
VisualStudioVersion = 15.0.28307.168
MinimumVisualStudioVersion = 10.0.40219.1
Project("{FAE04EC0-301F-11D3-BF4B-00C04F79EFBC}") = "LUG_PIM3_Ana Laura Moyano.UI", "LUG_PIM3_Ana Laura Moyano.UI\LUG_PIM3_Ana Laura Moyano.UI.csproj", "{11DF4C52-2EEC-44A4-B3DA-864EA7B13BEF}"
EndProject
Project("{FAE04EC0-301F-11D3-BF4B-00C04F79EFBC}") = "LUG_PIM3_Ana Laura Moyano.BLL", "LUG_PIM3_Ana Laura Moyano.BLL\LUG_PIM3_Ana Laura Moyano.BLL.csproj", "{A6E869B4-7B23-4CBA-A711-3862D0F7A5A5}"
EndProject
Project("{FAE04EC0-301F-11D3-BF4B-00C04F79EFBC}") = "LUG_PIM3_Ana Laura Moyano.DAL", "LUG_PIM3_Ana Laura Moyano.DAL\LUG_PIM3_Ana Laura Moyano.DAL.csproj", "{BABD4312-EAE6-4919-A581-8ACE436839FC}"
EndProject
Project("{FAE04EC0-301F-11D3-BF4B-00C04F79EFBC}") = "LUG_PIM3_Ana Laura Moyano.BE", "LUG_PIM3_Ana Laura Moyano.BE\LUG_PIM3_Ana Laura Moyano.BE.csproj", "{87BA092D-9D45-45E2-96B3-115E2F005E0F}"
EndProject
Project("{FAE04EC0-301F-11D3-BF4B-00C04F79EFBC}") = "LUG_PIM3_Ana Laura Moyano.Test", "LUG_PIM3_Ana Laura Moyano.Test\LUG_PIM3_Ana Laura Moyano.Test.csproj", "{443A39FA-0DEF-4A23-9347-5B58FA51BCE2}"
EndProject
Global
	GlobalSection(SolutionConfigurationPlatforms) = preSolution
		Debug|Any CPU = Debug|Any CPU
		Release|Any CPU = Release|Any CPU
	EndGlobalSection
	GlobalSection(ProjectConfigurationPlatforms) = postSolution
		{11DF4C52-2EEC-44A4-B3DA-864EA7B13BEF}.Debug|Any CPU.ActiveCfg = Debug|Any CPU
		{11DF4C52-2EEC-44A4-B3DA-864EA7B13BEF}.Debug|Any CPU.Build.0 = Debug|Any CPU
		{11DF4C52-2EEC-44A4-B3DA-864EA7B13BEF}.Release|Any CPU.ActiveCfg = Release|Any CPU
		{11DF4C52-2EEC-44A4-B3DA-864EA7B13BEF}.Release|Any CPU.Build.0 = Release|Any CPU
		{A6E869B4-7B23-4CBA-A711-3862D0F7A5A5}.Debug|Any CPU.ActiveCfg = Debug|Any CPU
		{A6E869B4-7B23-4CBA-A711-3862D0F7A5A5}.Debug|Any CPU.Build.0 = Debug|Any CPU
		{A6E869B4-7B23-4CBA-A711-3862D0F7A5A5}.Release|Any CPU.ActiveCfg = Release|Any CPU
		{A6E869B4-7B23-4CBA-A711-3862D0F7A5A5}.Release|Any CPU.Build.0 = Release|Any CPU
		{BABD4312-EAE6-4919-A581-8ACE436839FC}.Debug|Any CPU.ActiveCfg = Debug|Any CPU
		{BABD4312-EAE6-4919-A581-8ACE436839FC}.Debug|Any CPU.Build.0 = Debug|Any CPU
		{BABD4312-EAE6-4919-A581-8ACE436839FC}.Release|Any CPU.ActiveCfg = Release|Any CPU
		{BABD4312-EAE6-4919-A581-8ACE436839FC}.Release|Any CPU.Build.0 = Release|Any CPU
		{87BA092D-9D45-45E2-96B3-115E2F005E0F}.Debug|Any CPU.ActiveCfg = Debug|Any CPU
		{87BA092D-9D45-45E2-96B3-115E2F005E0F}.Debug|Any CPU.Build.0 = Debug|Any CPU
		{87BA092D-9D45-45E2-96B3-115E2F005E0F}.Release|Any CPU.ActiveCfg = Release|Any CPU
		{87BA092D-9D45-45E2-96B3-115E2F005E0F}.Release|Any CPU.Build.0 = Release|Any CPU
		{443A39FA-0DEF-4A23-9347-5B58FA51BCE2}.Debug|Any CPU.ActiveCfg = Debug|Any CPU
		{443A39FA-0DEF-4A23-9347-5B58FA51BCE2}.Debug|Any CPU.Build.0 = Debug|Any CPU
		{443A39FA-0DEF-4A23-9347-5B58FA51BCE2}.Release|Any CPU.ActiveCfg = Release|Any CPU
		{443A39FA-0DEF-4A23-9347-5B58FA51BCE2}.Release|Any CPU.Build.0 = Release|Any CPU
	EndGlobalSection
	GlobalSection(SolutionProperties) = preSolution
		HideSolutionNode = FALSE
	EndGlobalSection
	GlobalSection(ExtensibilityGlobals) = postSolution
		SolutionGuid = {B67DC180-D4C8-4146-95FC-E69C014CF8D6}
	EndGlobalSection
EndGlobal
